
Microsoft Visual Studio Solution File, Format Version 12.00
# Visual Studio Version 16
VisualStudioVersion = 16.0.31605.320
MinimumVisualStudioVersion = 10.0.40219.1
Project("{FAE04EC0-301F-11D3-BF4B-00C04F79EFBC}") = "MakeAHand", "MakeAHand\MakeAHand.csproj", "{1AB889F4-FE9B-4461-96D5-F30102CA191F}"
EndProject
Project("{FAE04EC0-301F-11D3-BF4B-00C04F79EFBC}") = "Cards", "Cards\Cards.csproj", "{E353C90B-A29E-4BDA-A09C-0DD4D81A0042}"
EndProject
Global
	GlobalSection(SolutionConfigurationPlatforms) = preSolution
		Debug|Any CPU = Debug|Any CPU
		Release|Any CPU = Release|Any CPU
	EndGlobalSection
	GlobalSection(ProjectConfigurationPlatforms) = postSolution
		{1AB889F4-FE9B-4461-96D5-F30102CA191F}.Debug|Any CPU.ActiveCfg = Debug|Any CPU
		{1AB889F4-FE9B-4461-96D5-F30102CA191F}.Debug|Any CPU.Build.0 = Debug|Any CPU
		{1AB889F4-FE9B-4461-96D5-F30102CA191F}.Release|Any CPU.ActiveCfg = Release|Any CPU
		{1AB889F4-FE9B-4461-96D5-F30102CA191F}.Release|Any CPU.Build.0 = Release|Any CPU
		{E353C90B-A29E-4BDA-A09C-0DD4D81A0042}.Debug|Any CPU.ActiveCfg = Debug|Any CPU
		{E353C90B-A29E-4BDA-A09C-0DD4D81A0042}.Debug|Any CPU.Build.0 = Debug|Any CPU
		{E353C90B-A29E-4BDA-A09C-0DD4D81A0042}.Release|Any CPU.ActiveCfg = Release|Any CPU
		{E353C90B-A29E-4BDA-A09C-0DD4D81A0042}.Release|Any CPU.Build.0 = Release|Any CPU
	EndGlobalSection
	GlobalSection(SolutionProperties) = preSolution
		HideSolutionNode = FALSE
	EndGlobalSection
	GlobalSection(ExtensibilityGlobals) = postSolution
		SolutionGuid = {5A965065-D8ED-40BC-B774-F5A42108E7FA}
	EndGlobalSection
EndGlobal
